// !$*UTF8*$!
{
	archiveVersion = 1;
	classes = {
	};
	objectVersion = 51;
	objects = {

/* Begin PBXBuildFile section */
		34EB119326766D62007281F9 /* ViewSignInController.swift in Sources */ = {isa = PBXBuildFile; fileRef = 34EB119226766D62007281F9 /* ViewSignInController.swift */; };
		8BF09DE787C7A36413D4EA3C /* Pods_JourneeTabbed.framework in Frameworks */ = {isa = PBXBuildFile; fileRef = 74C2C429E69272DDD3DA21D1 /* Pods_JourneeTabbed.framework */; };
		B82EAD37244F86E600AC77C3 /* AppDelegate.swift in Sources */ = {isa = PBXBuildFile; fileRef = B82EAD36244F86E600AC77C3 /* AppDelegate.swift */; };
		B82EAD39244F86E600AC77C3 /* SceneDelegate.swift in Sources */ = {isa = PBXBuildFile; fileRef = B82EAD38244F86E600AC77C3 /* SceneDelegate.swift */; };
		B82EAD3B244F86E600AC77C3 /* FirstViewController.swift in Sources */ = {isa = PBXBuildFile; fileRef = B82EAD3A244F86E600AC77C3 /* FirstViewController.swift */; };
		B82EAD3D244F86E600AC77C3 /* SecondViewController.swift in Sources */ = {isa = PBXBuildFile; fileRef = B82EAD3C244F86E600AC77C3 /* SecondViewController.swift */; };
		B82EAD40244F86E600AC77C3 /* Main.storyboard in Resources */ = {isa = PBXBuildFile; fileRef = B82EAD3E244F86E600AC77C3 /* Main.storyboard */; };
		B82EAD42244F86E600AC77C3 /* Assets.xcassets in Resources */ = {isa = PBXBuildFile; fileRef = B82EAD41244F86E600AC77C3 /* Assets.xcassets */; };
		B82EAD45244F86E600AC77C3 /* LaunchScreen.storyboard in Resources */ = {isa = PBXBuildFile; fileRef = B82EAD43244F86E600AC77C3 /* LaunchScreen.storyboard */; };
		B82EAD4D244FB8A600AC77C3 /* GoogleService-Info.plist in Resources */ = {isa = PBXBuildFile; fileRef = B82EAD4C244FB8A600AC77C3 /* GoogleService-Info.plist */; };
		B87442D42454716300B4DB43 /* MapMarkerWindowView.xib in Resources */ = {isa = PBXBuildFile; fileRef = B87442D32454716300B4DB43 /* MapMarkerWindowView.xib */; };
		B87442D6245472A300B4DB43 /* MapMarkerWindow.swift in Sources */ = {isa = PBXBuildFile; fileRef = B87442D5245472A300B4DB43 /* MapMarkerWindow.swift */; };
		B8900F45246202100045A992 /* MyCollectionViewCell.swift in Sources */ = {isa = PBXBuildFile; fileRef = B8900F43246202100045A992 /* MyCollectionViewCell.swift */; };
		B8900F46246202100045A992 /* MyCollectionViewCell.xib in Resources */ = {isa = PBXBuildFile; fileRef = B8900F44246202100045A992 /* MyCollectionViewCell.xib */; };
		B895FE23245A052F00F3A53C /* AlertService.swift in Sources */ = {isa = PBXBuildFile; fileRef = B895FE22245A052F00F3A53C /* AlertService.swift */; };
		B89CCD102450708B00D44752 /* ThirdViewController.swift in Sources */ = {isa = PBXBuildFile; fileRef = B89CCD0F2450708B00D44752 /* ThirdViewController.swift */; };
/* End PBXBuildFile section */

/* Begin PBXFileReference section */
		3101EE95FC012C4BAEC2FB96 /* Pods-JourneeTabbed.release.xcconfig */ = {isa = PBXFileReference; includeInIndex = 1; lastKnownFileType = text.xcconfig; name = "Pods-JourneeTabbed.release.xcconfig"; path = "Target Support Files/Pods-JourneeTabbed/Pods-JourneeTabbed.release.xcconfig"; sourceTree = "<group>"; };
		3354DFC3A1478A78FC36E31A /* Pods-JourneeTabbed.debug.xcconfig */ = {isa = PBXFileReference; includeInIndex = 1; lastKnownFileType = text.xcconfig; name = "Pods-JourneeTabbed.debug.xcconfig"; path = "Target Support Files/Pods-JourneeTabbed/Pods-JourneeTabbed.debug.xcconfig"; sourceTree = "<group>"; };
		34EB119226766D62007281F9 /* ViewSignInController.swift */ = {isa = PBXFileReference; lastKnownFileType = sourcecode.swift; path = ViewSignInController.swift; sourceTree = "<group>"; };
		74C2C429E69272DDD3DA21D1 /* Pods_JourneeTabbed.framework */ = {isa = PBXFileReference; explicitFileType = wrapper.framework; includeInIndex = 0; path = Pods_JourneeTabbed.framework; sourceTree = BUILT_PRODUCTS_DIR; };
		B82EAD33244F86E600AC77C3 /* JourneeTabbed.app */ = {isa = PBXFileReference; explicitFileType = wrapper.application; includeInIndex = 0; path = JourneeTabbed.app; sourceTree = BUILT_PRODUCTS_DIR; };
		B82EAD36244F86E600AC77C3 /* AppDelegate.swift */ = {isa = PBXFileReference; lastKnownFileType = sourcecode.swift; path = AppDelegate.swift; sourceTree = "<group>"; };
		B82EAD38244F86E600AC77C3 /* SceneDelegate.swift */ = {isa = PBXFileReference; lastKnownFileType = sourcecode.swift; path = SceneDelegate.swift; sourceTree = "<group>"; };
		B82EAD3A244F86E600AC77C3 /* FirstViewController.swift */ = {isa = PBXFileReference; lastKnownFileType = sourcecode.swift; path = FirstViewController.swift; sourceTree = "<group>"; };
		B82EAD3C244F86E600AC77C3 /* SecondViewController.swift */ = {isa = PBXFileReference; lastKnownFileType = sourcecode.swift; path = SecondViewController.swift; sourceTree = "<group>"; };
		B82EAD3F244F86E600AC77C3 /* Base */ = {isa = PBXFileReference; lastKnownFileType = file.storyboard; name = Base; path = Base.lproj/Main.storyboard; sourceTree = "<group>"; };
		B82EAD41244F86E600AC77C3 /* Assets.xcassets */ = {isa = PBXFileReference; lastKnownFileType = folder.assetcatalog; path = Assets.xcassets; sourceTree = "<group>"; };
		B82EAD44244F86E600AC77C3 /* Base */ = {isa = PBXFileReference; lastKnownFileType = file.storyboard; name = Base; path = Base.lproj/LaunchScreen.storyboard; sourceTree = "<group>"; };
		B82EAD46244F86E600AC77C3 /* Info.plist */ = {isa = PBXFileReference; lastKnownFileType = text.plist.xml; path = Info.plist; sourceTree = "<group>"; };
		B82EAD4C244FB8A600AC77C3 /* GoogleService-Info.plist */ = {isa = PBXFileReference; fileEncoding = 4; lastKnownFileType = text.plist.xml; path = "GoogleService-Info.plist"; sourceTree = "<group>"; };
		B87442D32454716300B4DB43 /* MapMarkerWindowView.xib */ = {isa = PBXFileReference; lastKnownFileType = file.xib; path = MapMarkerWindowView.xib; sourceTree = "<group>"; };
		B87442D5245472A300B4DB43 /* MapMarkerWindow.swift */ = {isa = PBXFileReference; lastKnownFileType = sourcecode.swift; path = MapMarkerWindow.swift; sourceTree = "<group>"; };
		B8900F43246202100045A992 /* MyCollectionViewCell.swift */ = {isa = PBXFileReference; lastKnownFileType = sourcecode.swift; path = MyCollectionViewCell.swift; sourceTree = "<group>"; };
		B8900F44246202100045A992 /* MyCollectionViewCell.xib */ = {isa = PBXFileReference; lastKnownFileType = file.xib; path = MyCollectionViewCell.xib; sourceTree = "<group>"; };
		B895FE22245A052F00F3A53C /* AlertService.swift */ = {isa = PBXFileReference; lastKnownFileType = sourcecode.swift; path = AlertService.swift; sourceTree = "<group>"; };
		B89CCD0F2450708B00D44752 /* ThirdViewController.swift */ = {isa = PBXFileReference; lastKnownFileType = sourcecode.swift; path = ThirdViewController.swift; sourceTree = "<group>"; };
/* End PBXFileReference section */

/* Begin PBXFrameworksBuildPhase section */
		B82EAD30244F86E600AC77C3 /* Frameworks */ = {
			isa = PBXFrameworksBuildPhase;
			buildActionMask = 2147483647;
			files = (
				8BF09DE787C7A36413D4EA3C /* Pods_JourneeTabbed.framework in Frameworks */,
			);
			runOnlyForDeploymentPostprocessing = 0;
		};
/* End PBXFrameworksBuildPhase section */

/* Begin PBXGroup section */
		4437A312D938290AF165C6BF /* Pods */ = {
			isa = PBXGroup;
			children = (
				3354DFC3A1478A78FC36E31A /* Pods-JourneeTabbed.debug.xcconfig */,
				3101EE95FC012C4BAEC2FB96 /* Pods-JourneeTabbed.release.xcconfig */,
			);
			path = Pods;
			sourceTree = "<group>";
		};
		69AA1321A36F7D5344E5516B /* Frameworks */ = {
			isa = PBXGroup;
			children = (
				74C2C429E69272DDD3DA21D1 /* Pods_JourneeTabbed.framework */,
			);
			name = Frameworks;
			sourceTree = "<group>";
		};
		B82EAD2A244F86E600AC77C3 = {
			isa = PBXGroup;
			children = (
				B82EAD35244F86E600AC77C3 /* JourneeTabbed */,
				B82EAD34244F86E600AC77C3 /* Products */,
				4437A312D938290AF165C6BF /* Pods */,
				69AA1321A36F7D5344E5516B /* Frameworks */,
			);
			sourceTree = "<group>";
		};
		B82EAD34244F86E600AC77C3 /* Products */ = {
			isa = PBXGroup;
			children = (
				B82EAD33244F86E600AC77C3 /* JourneeTabbed.app */,
			);
			name = Products;
			sourceTree = "<group>";
		};
		B82EAD35244F86E600AC77C3 /* JourneeTabbed */ = {
			isa = PBXGroup;
			children = (
				B82EAD4C244FB8A600AC77C3 /* GoogleService-Info.plist */,
				B82EAD36244F86E600AC77C3 /* AppDelegate.swift */,
				B82EAD38244F86E600AC77C3 /* SceneDelegate.swift */,
				B82EAD3C244F86E600AC77C3 /* SecondViewController.swift */,
				B82EAD3A244F86E600AC77C3 /* FirstViewController.swift */,
				B82EAD3E244F86E600AC77C3 /* Main.storyboard */,
				B82EAD41244F86E600AC77C3 /* Assets.xcassets */,
				B82EAD43244F86E600AC77C3 /* LaunchScreen.storyboard */,
				B82EAD46244F86E600AC77C3 /* Info.plist */,
				B89CCD0F2450708B00D44752 /* ThirdViewController.swift */,
				B87442D32454716300B4DB43 /* MapMarkerWindowView.xib */,
				B87442D5245472A300B4DB43 /* MapMarkerWindow.swift */,
				B895FE22245A052F00F3A53C /* AlertService.swift */,
				B8900F43246202100045A992 /* MyCollectionViewCell.swift */,
				B8900F44246202100045A992 /* MyCollectionViewCell.xib */,
				34EB119226766D62007281F9 /* ViewSignInController.swift */,
			);
			path = JourneeTabbed;
			sourceTree = "<group>";
		};
/* End PBXGroup section */

/* Begin PBXNativeTarget section */
		B82EAD32244F86E600AC77C3 /* JourneeTabbed */ = {
			isa = PBXNativeTarget;
			buildConfigurationList = B82EAD49244F86E600AC77C3 /* Build configuration list for PBXNativeTarget "JourneeTabbed" */;
			buildPhases = (
				B4D6779537D796077D0AE578 /* [CP] Check Pods Manifest.lock */,
				B82EAD2F244F86E600AC77C3 /* Sources */,
				B82EAD30244F86E600AC77C3 /* Frameworks */,
				B82EAD31244F86E600AC77C3 /* Resources */,
				6EBD7103895CB73F4E267EDD /* [CP] Embed Pods Frameworks */,
				21FDE88D3507F0AF88674586 /* [CP] Copy Pods Resources */,
			);
			buildRules = (
			);
			dependencies = (
			);
			name = JourneeTabbed;
			productName = JourneeTabbed;
			productReference = B82EAD33244F86E600AC77C3 /* JourneeTabbed.app */;
			productType = "com.apple.product-type.application";
		};
/* End PBXNativeTarget section */

/* Begin PBXProject section */
		B82EAD2B244F86E600AC77C3 /* Project object */ = {
			isa = PBXProject;
			attributes = {
				LastSwiftUpdateCheck = 1140;
				LastUpgradeCheck = 1140;
				ORGANIZATIONNAME = user169887;
				TargetAttributes = {
					B82EAD32244F86E600AC77C3 = {
						CreatedOnToolsVersion = 11.4;
					};
				};
			};
			buildConfigurationList = B82EAD2E244F86E600AC77C3 /* Build configuration list for PBXProject "JourneeTabbed" */;
			compatibilityVersion = "Xcode 9.3";
			developmentRegion = en;
			hasScannedForEncodings = 0;
			knownRegions = (
				en,
				Base,
			);
			mainGroup = B82EAD2A244F86E600AC77C3;
			productRefGroup = B82EAD34244F86E600AC77C3 /* Products */;
			projectDirPath = "";
			projectRoot = "";
			targets = (
				B82EAD32244F86E600AC77C3 /* JourneeTabbed */,
			);
		};
/* End PBXProject section */

/* Begin PBXResourcesBuildPhase section */
		B82EAD31244F86E600AC77C3 /* Resources */ = {
			isa = PBXResourcesBuildPhase;
			buildActionMask = 2147483647;
			files = (
				B8900F46246202100045A992 /* MyCollectionViewCell.xib in Resources */,
				B82EAD45244F86E600AC77C3 /* LaunchScreen.storyboard in Resources */,
				B87442D42454716300B4DB43 /* MapMarkerWindowView.xib in Resources */,
				B82EAD4D244FB8A600AC77C3 /* GoogleService-Info.plist in Resources */,
				B82EAD42244F86E600AC77C3 /* Assets.xcassets in Resources */,
				B82EAD40244F86E600AC77C3 /* Main.storyboard in Resources */,
			);
			runOnlyForDeploymentPostprocessing = 0;
		};
/* End PBXResourcesBuildPhase section */

/* Begin PBXShellScriptBuildPhase section */
		21FDE88D3507F0AF88674586 /* [CP] Copy Pods Resources */ = {
			isa = PBXShellScriptBuildPhase;
			buildActionMask = 2147483647;
			files = (
			);
			inputFileListPaths = (
				"${PODS_ROOT}/Target Support Files/Pods-JourneeTabbed/Pods-JourneeTabbed-resources-${CONFIGURATION}-input-files.xcfilelist",
			);
			name = "[CP] Copy Pods Resources";
			outputFileListPaths = (
				"${PODS_ROOT}/Target Support Files/Pods-JourneeTabbed/Pods-JourneeTabbed-resources-${CONFIGURATION}-output-files.xcfilelist",
			);
			runOnlyForDeploymentPostprocessing = 0;
			shellPath = /bin/sh;
			shellScript = "\"${PODS_ROOT}/Target Support Files/Pods-JourneeTabbed/Pods-JourneeTabbed-resources.sh\"\n";
			showEnvVarsInLog = 0;
		};
		6EBD7103895CB73F4E267EDD /* [CP] Embed Pods Frameworks */ = {
			isa = PBXShellScriptBuildPhase;
			buildActionMask = 2147483647;
			files = (
			);
			inputFileListPaths = (
				"${PODS_ROOT}/Target Support Files/Pods-JourneeTabbed/Pods-JourneeTabbed-frameworks-${CONFIGURATION}-input-files.xcfilelist",
			);
			name = "[CP] Embed Pods Frameworks";
			outputFileListPaths = (
				"${PODS_ROOT}/Target Support Files/Pods-JourneeTabbed/Pods-JourneeTabbed-frameworks-${CONFIGURATION}-output-files.xcfilelist",
			);
			runOnlyForDeploymentPostprocessing = 0;
			shellPath = /bin/sh;
			shellScript = "\"${PODS_ROOT}/Target Support Files/Pods-JourneeTabbed/Pods-JourneeTabbed-frameworks.sh\"\n";
			showEnvVarsInLog = 0;
		};
		B4D6779537D796077D0AE578 /* [CP] Check Pods Manifest.lock */ = {
			isa = PBXShellScriptBuildPhase;
			buildActionMask = 2147483647;
			files = (
			);
			inputFileListPaths = (
			);
			inputPaths = (
				"${PODS_PODFILE_DIR_PATH}/Podfile.lock",
				"${PODS_ROOT}/Manifest.lock",
			);
			name = "[CP] Check Pods Manifest.lock";
			outputFileListPaths = (
			);
			outputPaths = (
				"$(DERIVED_FILE_DIR)/Pods-JourneeTabbed-checkManifestLockResult.txt",
			);
			runOnlyForDeploymentPostprocessing = 0;
			shellPath = /bin/sh;
			shellScript = "diff \"${PODS_PODFILE_DIR_PATH}/Podfile.lock\" \"${PODS_ROOT}/Manifest.lock\" > /dev/null\nif [ $? != 0 ] ; then\n    # print error to STDERR\n    echo \"error: The sandbox is not in sync with the Podfile.lock. Run 'pod install' or update your CocoaPods installation.\" >&2\n    exit 1\nfi\n# This output is used by Xcode 'outputs' to avoid re-running this script phase.\necho \"SUCCESS\" > \"${SCRIPT_OUTPUT_FILE_0}\"\n";
			showEnvVarsInLog = 0;
		};
/* End PBXShellScriptBuildPhase section */

/* Begin PBXSourcesBuildPhase section */
		B82EAD2F244F86E600AC77C3 /* Sources */ = {
			isa = PBXSourcesBuildPhase;
			buildActionMask = 2147483647;
			files = (
				B87442D6245472A300B4DB43 /* MapMarkerWindow.swift in Sources */,
				B82EAD3D244F86E600AC77C3 /* SecondViewController.swift in Sources */,
				34EB119326766D62007281F9 /* ViewSignInController.swift in Sources */,
				B8900F45246202100045A992 /* MyCollectionViewCell.swift in Sources */,
				B895FE23245A052F00F3A53C /* AlertService.swift in Sources */,
				B82EAD3B244F86E600AC77C3 /* FirstViewController.swift in Sources */,
				B89CCD102450708B00D44752 /* ThirdViewController.swift in Sources */,
				B82EAD37244F86E600AC77C3 /* AppDelegate.swift in Sources */,
				B82EAD39244F86E600AC77C3 /* SceneDelegate.swift in Sources */,
			);
			runOnlyForDeploymentPostprocessing = 0;
		};
/* End PBXSourcesBuildPhase section */

/* Begin PBXVariantGroup section */
		B82EAD3E244F86E600AC77C3 /* Main.storyboard */ = {
			isa = PBXVariantGroup;
			children = (
				B82EAD3F244F86E600AC77C3 /* Base */,
			);
			name = Main.storyboard;
			sourceTree = "<group>";
		};
		B82EAD43244F86E600AC77C3 /* LaunchScreen.storyboard */ = {
			isa = PBXVariantGroup;
			children = (
				B82EAD44244F86E600AC77C3 /* Base */,
			);
			name = LaunchScreen.storyboard;
			sourceTree = "<group>";
		};
/* End PBXVariantGroup section */

/* Begin XCBuildConfiguration section */
		B82EAD47244F86E600AC77C3 /* Debug */ = {
			isa = XCBuildConfiguration;
			buildSettings = {
				ALWAYS_SEARCH_USER_PATHS = NO;
				CLANG_ANALYZER_NONNULL = YES;
				CLANG_ANALYZER_NUMBER_OBJECT_CONVERSION = YES_AGGRESSIVE;
				CLANG_CXX_LANGUAGE_STANDARD = "gnu++14";
				CLANG_CXX_LIBRARY = "libc++";
				CLANG_ENABLE_MODULES = YES;
				CLANG_ENABLE_OBJC_ARC = YES;
				CLANG_ENABLE_OBJC_WEAK = YES;
				CLANG_WARN_BLOCK_CAPTURE_AUTORELEASING = YES;
				CLANG_WARN_BOOL_CONVERSION = YES;
				CLANG_WARN_COMMA = YES;
				CLANG_WARN_CONSTANT_CONVERSION = YES;
				CLANG_WARN_DEPRECATED_OBJC_IMPLEMENTATIONS = YES;
				CLANG_WARN_DIRECT_OBJC_ISA_USAGE = YES_ERROR;
				CLANG_WARN_DOCUMENTATION_COMMENTS = YES;
				CLANG_WARN_EMPTY_BODY = YES;
				CLANG_WARN_ENUM_CONVERSION = YES;
				CLANG_WARN_INFINITE_RECURSION = YES;
				CLANG_WARN_INT_CONVERSION = YES;
				CLANG_WARN_NON_LITERAL_NULL_CONVERSION = YES;
				CLANG_WARN_OBJC_IMPLICIT_RETAIN_SELF = YES;
				CLANG_WARN_OBJC_LITERAL_CONVERSION = YES;
				CLANG_WARN_OBJC_ROOT_CLASS = YES_ERROR;
				CLANG_WARN_RANGE_LOOP_ANALYSIS = YES;
				CLANG_WARN_STRICT_PROTOTYPES = YES;
				CLANG_WARN_SUSPICIOUS_MOVE = YES;
				CLANG_WARN_UNGUARDED_AVAILABILITY = YES_AGGRESSIVE;
				CLANG_WARN_UNREACHABLE_CODE = YES;
				CLANG_WARN__DUPLICATE_METHOD_MATCH = YES;
				COPY_PHASE_STRIP = NO;
				DEBUG_INFORMATION_FORMAT = dwarf;
				ENABLE_STRICT_OBJC_MSGSEND = YES;
				ENABLE_TESTABILITY = YES;
				GCC_C_LANGUAGE_STANDARD = gnu11;
				GCC_DYNAMIC_NO_PIC = NO;
				GCC_NO_COMMON_BLOCKS = YES;
				GCC_OPTIMIZATION_LEVEL = 0;
				GCC_PREPROCESSOR_DEFINITIONS = (
					"DEBUG=1",
					"$(inherited)",
				);
				GCC_WARN_64_TO_32_BIT_CONVERSION = YES;
				GCC_WARN_ABOUT_RETURN_TYPE = YES_ERROR;
				GCC_WARN_UNDECLARED_SELECTOR = YES;
				GCC_WARN_UNINITIALIZED_AUTOS = YES_AGGRESSIVE;
				GCC_WARN_UNUSED_FUNCTION = YES;
				GCC_WARN_UNUSED_VARIABLE = YES;
				IPHONEOS_DEPLOYMENT_TARGET = 13.4;
				MTL_ENABLE_DEBUG_INFO = INCLUDE_SOURCE;
				MTL_FAST_MATH = YES;
				ONLY_ACTIVE_ARCH = YES;
				SDKROOT = iphoneos;
				SWIFT_ACTIVE_COMPILATION_CONDITIONS = DEBUG;
				SWIFT_OPTIMIZATION_LEVEL = "-Onone";
			};
			name = Debug;
		};
		B82EAD48244F86E600AC77C3 /* Release */ = {
			isa = XCBuildConfiguration;
			buildSettings = {
				ALWAYS_SEARCH_USER_PATHS = NO;
				CLANG_ANALYZER_NONNULL = YES;
				CLANG_ANALYZER_NUMBER_OBJECT_CONVERSION = YES_AGGRESSIVE;
				CLANG_CXX_LANGUAGE_STANDARD = "gnu++14";
				CLANG_CXX_LIBRARY = "libc++";
				CLANG_ENABLE_MODULES = YES;
				CLANG_ENABLE_OBJC_ARC = YES;
				CLANG_ENABLE_OBJC_WEAK = YES;
				CLANG_WARN_BLOCK_CAPTURE_AUTORELEASING = YES;
				CLANG_WARN_BOOL_CONVERSION = YES;
				CLANG_WARN_COMMA = YES;
				CLANG_WARN_CONSTANT_CONVERSION = YES;
				CLANG_WARN_DEPRECATED_OBJC_IMPLEMENTATIONS = YES;
				CLANG_WARN_DIRECT_OBJC_ISA_USAGE = YES_ERROR;
				CLANG_WARN_DOCUMENTATION_COMMENTS = YES;
				CLANG_WARN_EMPTY_BODY = YES;
				CLANG_WARN_ENUM_CONVERSION = YES;
				CLANG_WARN_INFINITE_RECURSION = YES;
				CLANG_WARN_INT_CONVERSION = YES;
				CLANG_WARN_NON_LITERAL_NULL_CONVERSION = YES;
				CLANG_WARN_OBJC_IMPLICIT_RETAIN_SELF = YES;
				CLANG_WARN_OBJC_LITERAL_CONVERSION = YES;
				CLANG_WARN_OBJC_ROOT_CLASS = YES_ERROR;
				CLANG_WARN_RANGE_LOOP_ANALYSIS = YES;
				CLANG_WARN_STRICT_PROTOTYPES = YES;
				CLANG_WARN_SUSPICIOUS_MOVE = YES;
				CLANG_WARN_UNGUARDED_AVAILABILITY = YES_AGGRESSIVE;
				CLANG_WARN_UNREACHABLE_CODE = YES;
				CLANG_WARN__DUPLICATE_METHOD_MATCH = YES;
				COPY_PHASE_STRIP = NO;
				DEBUG_INFORMATION_FORMAT = "dwarf-with-dsym";
				ENABLE_NS_ASSERTIONS = NO;
				ENABLE_STRICT_OBJC_MSGSEND = YES;
				GCC_C_LANGUAGE_STANDARD = gnu11;
				GCC_NO_COMMON_BLOCKS = YES;
				GCC_WARN_64_TO_32_BIT_CONVERSION = YES;
				GCC_WARN_ABOUT_RETURN_TYPE = YES_ERROR;
				GCC_WARN_UNDECLARED_SELECTOR = YES;
				GCC_WARN_UNINITIALIZED_AUTOS = YES_AGGRESSIVE;
				GCC_WARN_UNUSED_FUNCTION = YES;
				GCC_WARN_UNUSED_VARIABLE = YES;
				IPHONEOS_DEPLOYMENT_TARGET = 13.4;
				MTL_ENABLE_DEBUG_INFO = NO;
				MTL_FAST_MATH = YES;
				SDKROOT = iphoneos;
				SWIFT_COMPILATION_MODE = wholemodule;
				SWIFT_OPTIMIZATION_LEVEL = "-O";
				VALIDATE_PRODUCT = YES;
			};
			name = Release;
		};
		B82EAD4A244F86E600AC77C3 /* Debug */ = {
			isa = XCBuildConfiguration;
			baseConfigurationReference = 3354DFC3A1478A78FC36E31A /* Pods-JourneeTabbed.debug.xcconfig */;
			buildSettings = {
				ASSETCATALOG_COMPILER_APPICON_NAME = AppIcon;
				CODE_SIGN_STYLE = Automatic;
				INFOPLIST_FILE = JourneeTabbed/Info.plist;
				LD_RUNPATH_SEARCH_PATHS = (
					"$(inherited)",
					"@executable_path/Frameworks",
				);
				PRODUCT_BUNDLE_IDENTIFIER = Larisa.JourneeTabbed;
				PRODUCT_NAME = "$(TARGET_NAME)";
				SWIFT_VERSION = 5.0;
				TARGETED_DEVICE_FAMILY = "1,2";
			};
			name = Debug;
		};
		B82EAD4B244F86E600AC77C3 /* Release */ = {
			isa = XCBuildConfiguration;
			baseConfigurationReference = 3101EE95FC012C4BAEC2FB96 /* Pods-JourneeTabbed.release.xcconfig */;
			buildSettings = {
				ASSETCATALOG_COMPILER_APPICON_NAME = AppIcon;
				CODE_SIGN_STYLE = Automatic;
				INFOPLIST_FILE = JourneeTabbed/Info.plist;
				LD_RUNPATH_SEARCH_PATHS = (
					"$(inherited)",
					"@executable_path/Frameworks",
				);
				PRODUCT_BUNDLE_IDENTIFIER = Larisa.JourneeTabbed;
				PRODUCT_NAME = "$(TARGET_NAME)";
				SWIFT_VERSION = 5.0;
				TARGETED_DEVICE_FAMILY = "1,2";
			};
			name = Release;
		};
/* End XCBuildConfiguration section */

/* Begin XCConfigurationList section */
		B82EAD2E244F86E600AC77C3 /* Build configuration list for PBXProject "JourneeTabbed" */ = {
			isa = XCConfigurationList;
			buildConfigurations = (
				B82EAD47244F86E600AC77C3 /* Debug */,
				B82EAD48244F86E600AC77C3 /* Release */,
			);
			defaultConfigurationIsVisible = 0;
			defaultConfigurationName = Release;
		};
		B82EAD49244F86E600AC77C3 /* Build configuration list for PBXNativeTarget "JourneeTabbed" */ = {
			isa = XCConfigurationList;
			buildConfigurations = (
				B82EAD4A244F86E600AC77C3 /* Debug */,
				B82EAD4B244F86E600AC77C3 /* Release */,
			);
			defaultConfigurationIsVisible = 0;
			defaultConfigurationName = Release;
		};
/* End XCConfigurationList section */
	};
	rootObject = B82EAD2B244F86E600AC77C3 /* Project object */;
}
